
Microsoft Visual Studio Solution File, Format Version 12.00
# Visual Studio 14
VisualStudioVersion = 14.0.22823.1
MinimumVisualStudioVersion = 10.0.40219.1
Project("{FAE04EC0-301F-11D3-BF4B-00C04F79EFBC}") = "RxPipe.Lib", "RxPipe.Lib\RxPipe.Lib.csproj", "{B97C33E5-9FB5-4564-A406-0D69D606DD50}"
EndProject
Project("{FAE04EC0-301F-11D3-BF4B-00C04F79EFBC}") = "RxPipe.ConsoleUI", "RxPipe.ConsoleUI\RxPipe.ConsoleUI.csproj", "{A9A58F6E-6324-41C6-8ED4-A5A3EE9B6EBB}"
EndProject
Global
	GlobalSection(SolutionConfigurationPlatforms) = preSolution
		Debug|Any CPU = Debug|Any CPU
		Release|Any CPU = Release|Any CPU
	EndGlobalSection
	GlobalSection(ProjectConfigurationPlatforms) = postSolution
		{B97C33E5-9FB5-4564-A406-0D69D606DD50}.Debug|Any CPU.ActiveCfg = Debug|Any CPU
		{B97C33E5-9FB5-4564-A406-0D69D606DD50}.Debug|Any CPU.Build.0 = Debug|Any CPU
		{B97C33E5-9FB5-4564-A406-0D69D606DD50}.Release|Any CPU.ActiveCfg = Release|Any CPU
		{B97C33E5-9FB5-4564-A406-0D69D606DD50}.Release|Any CPU.Build.0 = Release|Any CPU
		{A9A58F6E-6324-41C6-8ED4-A5A3EE9B6EBB}.Debug|Any CPU.ActiveCfg = Debug|Any CPU
		{A9A58F6E-6324-41C6-8ED4-A5A3EE9B6EBB}.Debug|Any CPU.Build.0 = Debug|Any CPU
		{A9A58F6E-6324-41C6-8ED4-A5A3EE9B6EBB}.Release|Any CPU.ActiveCfg = Release|Any CPU
		{A9A58F6E-6324-41C6-8ED4-A5A3EE9B6EBB}.Release|Any CPU.Build.0 = Release|Any CPU
	EndGlobalSection
	GlobalSection(SolutionProperties) = preSolution
		HideSolutionNode = FALSE
	EndGlobalSection
EndGlobal
